
Microsoft Visual Studio Solution File, Format Version 12.00
# Visual Studio 15
VisualStudioVersion = 15.0.28307.421
MinimumVisualStudioVersion = 10.0.40219.1
Project("{E24C65DC-7377-472B-9ABA-BC803B73C61A}") = "Blog", "Blog\", "{CFBD5676-50FF-4EF6-9354-FA97EBF0A95C}"
	ProjectSection(WebsiteProperties) = preProject
		TargetFrameworkMoniker = ".NETFramework,Version%3Dv4.6.1"
		Debug.AspNetCompiler.VirtualPath = "/localhost_57782"
		Debug.AspNetCompiler.PhysicalPath = "Blog\"
		Debug.AspNetCompiler.TargetPath = "PrecompiledWeb\localhost_57782\"
		Debug.AspNetCompiler.Updateable = "true"
		Debug.AspNetCompiler.ForceOverwrite = "true"
		Debug.AspNetCompiler.FixedNames = "false"
		Debug.AspNetCompiler.Debug = "True"
		Release.AspNetCompiler.VirtualPath = "/localhost_57782"
		Release.AspNetCompiler.PhysicalPath = "Blog\"
		Release.AspNetCompiler.TargetPath = "PrecompiledWeb\localhost_57782\"
		Release.AspNetCompiler.Updateable = "true"
		Release.AspNetCompiler.ForceOverwrite = "true"
		Release.AspNetCompiler.FixedNames = "false"
		Release.AspNetCompiler.Debug = "False"
		VWDPort = "57782"
		SlnRelativePath = "Blog\"
		DefaultWebSiteLanguage = "Visual C#"
	EndProjectSection
EndProject
Global
	GlobalSection(SolutionConfigurationPlatforms) = preSolution
		Debug|Any CPU = Debug|Any CPU
	EndGlobalSection
	GlobalSection(ProjectConfigurationPlatforms) = postSolution
		{CFBD5676-50FF-4EF6-9354-FA97EBF0A95C}.Debug|Any CPU.ActiveCfg = Debug|Any CPU
		{CFBD5676-50FF-4EF6-9354-FA97EBF0A95C}.Debug|Any CPU.Build.0 = Debug|Any CPU
	EndGlobalSection
	GlobalSection(SolutionProperties) = preSolution
		HideSolutionNode = FALSE
	EndGlobalSection
	GlobalSection(ExtensibilityGlobals) = postSolution
		SolutionGuid = {3BF56AA5-0062-4D49-981A-94728128062E}
	EndGlobalSection
EndGlobal
